<?xml version="1.0" encoding="utf-8"?>
<Project ToolsVersion="4.0" xmlns="http://schemas.microsoft.com/developer/msbuild/2003">
  <ItemGroup>
    <Filter Include="src">
      <UniqueIdentifier>{2DAB880B-99B4-887C-2230-9F7C8E38947C}</UniqueIdentifier>
    </Filter>
    <Filter Include="src\Platform">
      <UniqueIdentifier>{21CA02E5-0D2D-9289-B6B2-CA3FA2F45D0C}</UniqueIdentifier>
    </Filter>
    <Filter Include="src\Platform\OpenGL">
      <UniqueIdentifier>{35A49437-A105-7245-2A73-B8F796D3A804}</UniqueIdentifier>
    </Filter>
    <Filter Include="src\Renderer">
      <UniqueIdentifier>{73D1DFBF-5F34-6F64-08BA-A71AF4FB3AE7}</UniqueIdentifier>
    </Filter>
    <Filter Include="vendor">
      <UniqueIdentifier>{B3738122-9F15-ACF8-88D0-BF4C74113349}</UniqueIdentifier>
    </Filter>
    <Filter Include="vendor\ImGui">
      <UniqueIdentifier>{1DA38CEE-0906-1C93-B28B-54499ECDE715}</UniqueIdentifier>
    </Filter>
    <Filter Include="vendor\ImGui\backends">
      <UniqueIdentifier>{E7ED3B29-535A-F723-1C4E-8F818879198C}</UniqueIdentifier>
    </Filter>
    <Filter Include="vendor\glad">
      <UniqueIdentifier>{9A8E79C1-0644-F2B6-8F38-EC8DFBECE8BA}</UniqueIdentifier>
    </Filter>
    <Filter Include="vendor\glad\src">
      <UniqueIdentifier>{B1098FEA-1D95-FCAE-26A6-7FA392B058AF}</UniqueIdentifier>
    </Filter>
    <Filter Include="vendor\glfw">
      <UniqueIdentifier>{528F79C1-BE44-F2B6-4739-EC8DB3EDE8BA}</UniqueIdentifier>
    </Filter>
    <Filter Include="vendor\glfw\src">
      <UniqueIdentifier>{69A690F7-D531-FEBB-DE42-81B04A4D5ABC}</UniqueIdentifier>
    </Filter>
  </ItemGroup>
  <ItemGroup>
    <ClInclude Include="src\Core.h">
      <Filter>src</Filter>
    </ClInclude>
    <ClInclude Include="src\Log.h">
      <Filter>src</Filter>
    </ClInclude>
    <ClInclude Include="src\Platform\OpenGL\OpenGLBuffer.h">
      <Filter>src\Platform\OpenGL</Filter>
    </ClInclude>
    <ClInclude Include="src\Platform\OpenGL\OpenGLCore.h">
      <Filter>src\Platform\OpenGL</Filter>
    </ClInclude>
    <ClInclude Include="src\Platform\OpenGL\OpenGLRenderer2D.h">
      <Filter>src\Platform\OpenGL</Filter>
    </ClInclude>
    <ClInclude Include="src\Platform\OpenGL\OpenGLShader.h">
      <Filter>src\Platform\OpenGL</Filter>
    </ClInclude>
    <ClInclude Include="src\Platform\OpenGL\OpenGLTexture.h">
      <Filter>src\Platform\OpenGL</Filter>
    </ClInclude>
    <ClInclude Include="src\Platform\OpenGL\OpenGLVertexArray.h">
      <Filter>src\Platform\OpenGL</Filter>
    </ClInclude>
    <ClInclude Include="src\Renderer\Buffer.h">
      <Filter>src\Renderer</Filter>
    </ClInclude>
    <ClInclude Include="src\Renderer\Image.h">
      <Filter>src\Renderer</Filter>
    </ClInclude>
    <ClInclude Include="src\Renderer\Renderer2D.h">
      <Filter>src\Renderer</Filter>
    </ClInclude>
    <ClInclude Include="src\Renderer\RendererAPI.h">
      <Filter>src\Renderer</Filter>
    </ClInclude>
    <ClInclude Include="src\Renderer\Shader.h">
      <Filter>src\Renderer</Filter>
    </ClInclude>
    <ClInclude Include="src\Renderer\Texture.h">
      <Filter>src\Renderer</Filter>
    </ClInclude>
    <ClInclude Include="src\Renderer\VertexArray.h">
      <Filter>src\Renderer</Filter>
    </ClInclude>
    <ClInclude Include="src\botspch.h">
      <Filter>src</Filter>
    </ClInclude>
    <ClInclude Include="vendor\ImGui\backends\imgui_impl_glfw.h">
      <Filter>vendor\ImGui\backends</Filter>
    </ClInclude>
    <ClInclude Include="vendor\ImGui\backends\imgui_impl_opengl3.h">
      <Filter>vendor\ImGui\backends</Filter>
    </ClInclude>
    <ClInclude Include="vendor\ImGui\imconfig.h">
      <Filter>vendor\ImGui</Filter>
    </ClInclude>
    <ClInclude Include="vendor\ImGui\imgui.h">
      <Filter>vendor\ImGui</Filter>
    </ClInclude>
    <ClInclude Include="vendor\ImGui\imgui_internal.h">
      <Filter>vendor\ImGui</Filter>
    </ClInclude>
    <ClInclude Include="vendor\ImGui\imstb_rectpack.h">
      <Filter>vendor\ImGui</Filter>
    </ClInclude>
    <ClInclude Include="vendor\ImGui\imstb_textedit.h">
      <Filter>vendor\ImGui</Filter>
    </ClInclude>
    <ClInclude Include="vendor\ImGui\imstb_truetype.h">
      <Filter>vendor\ImGui</Filter>
    </ClInclude>
    <ClInclude Include="vendor\glfw\src\glfw_config.h">
      <Filter>vendor\glfw\src</Filter>
    </ClInclude>
  </ItemGroup>
  <ItemGroup>
    <ClCompile Include="src\App.cpp">
      <Filter>src</Filter>
    </ClCompile>
    <ClCompile Include="src\Log.cpp">
      <Filter>src</Filter>
    </ClCompile>
    <ClCompile Include="src\Platform\OpenGL\OpenGLBuffer.cpp">
      <Filter>src\Platform\OpenGL</Filter>
    </ClCompile>
    <ClCompile Include="src\Platform\OpenGL\OpenGLRenderer2D.cpp">
      <Filter>src\Platform\OpenGL</Filter>
    </ClCompile>
    <ClCompile Include="src\Platform\OpenGL\OpenGLShader.cpp">
      <Filter>src\Platform\OpenGL</Filter>
    </ClCompile>
    <ClCompile Include="src\Platform\OpenGL\OpenGLTexture.cpp">
      <Filter>src\Platform\OpenGL</Filter>
    </ClCompile>
    <ClCompile Include="src\Platform\OpenGL\OpenGLVertexArray.cpp">
      <Filter>src\Platform\OpenGL</Filter>
    </ClCompile>
    <ClCompile Include="src\Renderer\Buffer.cpp">
      <Filter>src\Renderer</Filter>
    </ClCompile>
    <ClCompile Include="src\Renderer\Renderer2D.cpp">
      <Filter>src\Renderer</Filter>
    </ClCompile>
    <ClCompile Include="src\Renderer\RendererAPI.cpp">
      <Filter>src\Renderer</Filter>
    </ClCompile>
    <ClCompile Include="src\Renderer\Shader.cpp">
      <Filter>src\Renderer</Filter>
    </ClCompile>
    <ClCompile Include="src\Renderer\Texture.cpp">
      <Filter>src\Renderer</Filter>
    </ClCompile>
    <ClCompile Include="src\Renderer\VertexArray.cpp">
      <Filter>src\Renderer</Filter>
    </ClCompile>
    <ClCompile Include="src\botspch.cpp">
      <Filter>src</Filter>
    </ClCompile>
    <ClCompile Include="vendor\ImGui\backends\imgui_impl_glfw.cpp">
      <Filter>vendor\ImGui\backends</Filter>
    </ClCompile>
    <ClCompile Include="vendor\ImGui\backends\imgui_impl_opengl3.cpp">
      <Filter>vendor\ImGui\backends</Filter>
    </ClCompile>
    <ClCompile Include="vendor\ImGui\imgui.cpp">
      <Filter>vendor\ImGui</Filter>
    </ClCompile>
    <ClCompile Include="vendor\ImGui\imgui_demo.cpp">
      <Filter>vendor\ImGui</Filter>
    </ClCompile>
    <ClCompile Include="vendor\ImGui\imgui_draw.cpp">
      <Filter>vendor\ImGui</Filter>
    </ClCompile>
    <ClCompile Include="vendor\ImGui\imgui_tables.cpp">
      <Filter>vendor\ImGui</Filter>
    </ClCompile>
    <ClCompile Include="vendor\ImGui\imgui_widgets.cpp">
      <Filter>vendor\ImGui</Filter>
    </ClCompile>
    <ClCompile Include="vendor\glad\src\glad.c">
      <Filter>vendor\glad\src</Filter>
    </ClCompile>
    <ClCompile Include="vendor\glfw\src\context.c">
      <Filter>vendor\glfw\src</Filter>
    </ClCompile>
    <ClCompile Include="vendor\glfw\src\egl_context.c">
      <Filter>vendor\glfw\src</Filter>
    </ClCompile>
    <ClCompile Include="vendor\glfw\src\init.c">
      <Filter>vendor\glfw\src</Filter>
    </ClCompile>
    <ClCompile Include="vendor\glfw\src\input.c">
      <Filter>vendor\glfw\src</Filter>
    </ClCompile>
    <ClCompile Include="vendor\glfw\src\monitor.c">
      <Filter>vendor\glfw\src</Filter>
    </ClCompile>
    <ClCompile Include="vendor\glfw\src\osmesa_context.c">
      <Filter>vendor\glfw\src</Filter>
    </ClCompile>
    <ClCompile Include="vendor\glfw\src\vulkan.c">
      <Filter>vendor\glfw\src</Filter>
    </ClCompile>
    <ClCompile Include="vendor\glfw\src\wgl_context.c">
      <Filter>vendor\glfw\src</Filter>
    </ClCompile>
    <ClCompile Include="vendor\glfw\src\win32_init.c">
      <Filter>vendor\glfw\src</Filter>
    </ClCompile>
    <ClCompile Include="vendor\glfw\src\win32_joystick.c">
      <Filter>vendor\glfw\src</Filter>
    </ClCompile>
    <ClCompile Include="vendor\glfw\src\win32_monitor.c">
      <Filter>vendor\glfw\src</Filter>
    </ClCompile>
    <ClCompile Include="vendor\glfw\src\win32_thread.c">
      <Filter>vendor\glfw\src</Filter>
    </ClCompile>
    <ClCompile Include="vendor\glfw\src\win32_time.c">
      <Filter>vendor\glfw\src</Filter>
    </ClCompile>
    <ClCompile Include="vendor\glfw\src\win32_window.c">
      <Filter>vendor\glfw\src</Filter>
    </ClCompile>
    <ClCompile Include="vendor\glfw\src\window.c">
      <Filter>vendor\glfw\src</Filter>
    </ClCompile>
  </ItemGroup>
</Project>